// !$*UTF8*$!
{
	archiveVersion = 1;
	classes = {
	};
	objectVersion = 56;
	objects = {

/* Begin PBXBuildFile section */
		19A944652C0EDF5100A658AD /* AppDelegate.swift in Sources */ = {isa = PBXBuildFile; fileRef = 19A944642C0EDF5100A658AD /* AppDelegate.swift */; };
		19A944672C0EDF5100A658AD /* SceneDelegate.swift in Sources */ = {isa = PBXBuildFile; fileRef = 19A944662C0EDF5100A658AD /* SceneDelegate.swift */; };
		19A944692C0EDF5100A658AD /* TabBar.swift in Sources */ = {isa = PBXBuildFile; fileRef = 19A944682C0EDF5100A658AD /* TabBar.swift */; };
		19A9446E2C0EDF5200A658AD /* Assets.xcassets in Resources */ = {isa = PBXBuildFile; fileRef = 19A9446D2C0EDF5200A658AD /* Assets.xcassets */; };
		19A944712C0EDF5200A658AD /* LaunchScreen.storyboard in Resources */ = {isa = PBXBuildFile; fileRef = 19A9446F2C0EDF5200A658AD /* LaunchScreen.storyboard */; };
		19A944792C0EE04400A658AD /* TicketsViewController.swift in Sources */ = {isa = PBXBuildFile; fileRef = 19A944782C0EE04400A658AD /* TicketsViewController.swift */; };
		19A9447B2C0EE04E00A658AD /* HotelsViewController.swift in Sources */ = {isa = PBXBuildFile; fileRef = 19A9447A2C0EE04E00A658AD /* HotelsViewController.swift */; };
		19A9447D2C0EE05A00A658AD /* ShortViewController.swift in Sources */ = {isa = PBXBuildFile; fileRef = 19A9447C2C0EE05A00A658AD /* ShortViewController.swift */; };
		19A9447F2C0EE06200A658AD /* FollowsViewController.swift in Sources */ = {isa = PBXBuildFile; fileRef = 19A9447E2C0EE06200A658AD /* FollowsViewController.swift */; };
		19A944812C0EE07000A658AD /* ProfileViewController.swift in Sources */ = {isa = PBXBuildFile; fileRef = 19A944802C0EE07000A658AD /* ProfileViewController.swift */; };
		19A944862C0EED6F00A658AD /* Extensions.swift in Sources */ = {isa = PBXBuildFile; fileRef = 19A944852C0EED6F00A658AD /* Extensions.swift */; };
/* End PBXBuildFile section */

/* Begin PBXFileReference section */
		19A944612C0EDF5100A658AD /* SearchTickets.app */ = {isa = PBXFileReference; explicitFileType = wrapper.application; includeInIndex = 0; path = SearchTickets.app; sourceTree = BUILT_PRODUCTS_DIR; };
		19A944642C0EDF5100A658AD /* AppDelegate.swift */ = {isa = PBXFileReference; lastKnownFileType = sourcecode.swift; path = AppDelegate.swift; sourceTree = "<group>"; };
		19A944662C0EDF5100A658AD /* SceneDelegate.swift */ = {isa = PBXFileReference; lastKnownFileType = sourcecode.swift; path = SceneDelegate.swift; sourceTree = "<group>"; };
		19A944682C0EDF5100A658AD /* TabBar.swift */ = {isa = PBXFileReference; lastKnownFileType = sourcecode.swift; path = TabBar.swift; sourceTree = "<group>"; };
		19A9446D2C0EDF5200A658AD /* Assets.xcassets */ = {isa = PBXFileReference; lastKnownFileType = folder.assetcatalog; path = Assets.xcassets; sourceTree = "<group>"; };
		19A944702C0EDF5200A658AD /* Base */ = {isa = PBXFileReference; lastKnownFileType = file.storyboard; name = Base; path = Base.lproj/LaunchScreen.storyboard; sourceTree = "<group>"; };
		19A944722C0EDF5200A658AD /* Info.plist */ = {isa = PBXFileReference; lastKnownFileType = text.plist.xml; path = Info.plist; sourceTree = "<group>"; };
		19A944782C0EE04400A658AD /* TicketsViewController.swift */ = {isa = PBXFileReference; lastKnownFileType = sourcecode.swift; path = TicketsViewController.swift; sourceTree = "<group>"; };
		19A9447A2C0EE04E00A658AD /* HotelsViewController.swift */ = {isa = PBXFileReference; lastKnownFileType = sourcecode.swift; path = HotelsViewController.swift; sourceTree = "<group>"; };
		19A9447C2C0EE05A00A658AD /* ShortViewController.swift */ = {isa = PBXFileReference; lastKnownFileType = sourcecode.swift; path = ShortViewController.swift; sourceTree = "<group>"; };
		19A9447E2C0EE06200A658AD /* FollowsViewController.swift */ = {isa = PBXFileReference; lastKnownFileType = sourcecode.swift; path = FollowsViewController.swift; sourceTree = "<group>"; };
		19A944802C0EE07000A658AD /* ProfileViewController.swift */ = {isa = PBXFileReference; lastKnownFileType = sourcecode.swift; path = ProfileViewController.swift; sourceTree = "<group>"; };
		19A944852C0EED6F00A658AD /* Extensions.swift */ = {isa = PBXFileReference; lastKnownFileType = sourcecode.swift; path = Extensions.swift; sourceTree = "<group>"; };
/* End PBXFileReference section */

/* Begin PBXFrameworksBuildPhase section */
		19A9445E2C0EDF5100A658AD /* Frameworks */ = {
			isa = PBXFrameworksBuildPhase;
			buildActionMask = 2147483647;
			files = (
			);
			runOnlyForDeploymentPostprocessing = 0;
		};
/* End PBXFrameworksBuildPhase section */

/* Begin PBXGroup section */
		19A944582C0EDF5000A658AD = {
			isa = PBXGroup;
			children = (
				19A944632C0EDF5100A658AD /* SearchTickets */,
				19A944622C0EDF5100A658AD /* Products */,
			);
			sourceTree = "<group>";
		};
		19A944622C0EDF5100A658AD /* Products */ = {
			isa = PBXGroup;
			children = (
				19A944612C0EDF5100A658AD /* SearchTickets.app */,
			);
			name = Products;
			sourceTree = "<group>";
		};
		19A944632C0EDF5100A658AD /* SearchTickets */ = {
			isa = PBXGroup;
			children = (
				19A944642C0EDF5100A658AD /* AppDelegate.swift */,
				19A944662C0EDF5100A658AD /* SceneDelegate.swift */,
				19A944682C0EDF5100A658AD /* TabBar.swift */,
				19A944822C0EE07600A658AD /* Models */,
				19A9446D2C0EDF5200A658AD /* Assets.xcassets */,
				19A9446F2C0EDF5200A658AD /* LaunchScreen.storyboard */,
				19A944722C0EDF5200A658AD /* Info.plist */,
			);
			path = SearchTickets;
			sourceTree = "<group>";
		};
		19A944822C0EE07600A658AD /* Models */ = {
			isa = PBXGroup;
			children = (
				19A944782C0EE04400A658AD /* TicketsViewController.swift */,
				19A944852C0EED6F00A658AD /* Extensions.swift */,
				19A9447A2C0EE04E00A658AD /* HotelsViewController.swift */,
				19A9447C2C0EE05A00A658AD /* ShortViewController.swift */,
				19A9447E2C0EE06200A658AD /* FollowsViewController.swift */,
				19A944802C0EE07000A658AD /* ProfileViewController.swift */,
			);
			path = Models;
			sourceTree = "<group>";
		};
/* End PBXGroup section */

/* Begin PBXNativeTarget section */
		19A944602C0EDF5100A658AD /* SearchTickets */ = {
			isa = PBXNativeTarget;
			buildConfigurationList = 19A944752C0EDF5200A658AD /* Build configuration list for PBXNativeTarget "SearchTickets" */;
			buildPhases = (
				19A9445D2C0EDF5100A658AD /* Sources */,
				19A9445E2C0EDF5100A658AD /* Frameworks */,
				19A9445F2C0EDF5100A658AD /* Resources */,
			);
			buildRules = (
			);
			dependencies = (
			);
			name = SearchTickets;
			productName = SearchTickets;
			productReference = 19A944612C0EDF5100A658AD /* SearchTickets.app */;
			productType = "com.apple.product-type.application";
		};
/* End PBXNativeTarget section */

/* Begin PBXProject section */
		19A944592C0EDF5000A658AD /* Project object */ = {
			isa = PBXProject;
			attributes = {
				BuildIndependentTargetsInParallel = 1;
				LastSwiftUpdateCheck = 1430;
				LastUpgradeCheck = 1430;
				TargetAttributes = {
					19A944602C0EDF5100A658AD = {
						CreatedOnToolsVersion = 14.3.1;
					};
				};
			};
			buildConfigurationList = 19A9445C2C0EDF5000A658AD /* Build configuration list for PBXProject "SearchTickets" */;
			compatibilityVersion = "Xcode 14.0";
			developmentRegion = en;
			hasScannedForEncodings = 0;
			knownRegions = (
				en,
				Base,
			);
			mainGroup = 19A944582C0EDF5000A658AD;
			productRefGroup = 19A944622C0EDF5100A658AD /* Products */;
			projectDirPath = "";
			projectRoot = "";
			targets = (
				19A944602C0EDF5100A658AD /* SearchTickets */,
			);
		};
/* End PBXProject section */

/* Begin PBXResourcesBuildPhase section */
		19A9445F2C0EDF5100A658AD /* Resources */ = {
			isa = PBXResourcesBuildPhase;
			buildActionMask = 2147483647;
			files = (
				19A944712C0EDF5200A658AD /* LaunchScreen.storyboard in Resources */,
				19A9446E2C0EDF5200A658AD /* Assets.xcassets in Resources */,
			);
			runOnlyForDeploymentPostprocessing = 0;
		};
/* End PBXResourcesBuildPhase section */

/* Begin PBXSourcesBuildPhase section */
		19A9445D2C0EDF5100A658AD /* Sources */ = {
			isa = PBXSourcesBuildPhase;
			buildActionMask = 2147483647;
			files = (
				19A944792C0EE04400A658AD /* TicketsViewController.swift in Sources */,
				19A944862C0EED6F00A658AD /* Extensions.swift in Sources */,
				19A944692C0EDF5100A658AD /* TabBar.swift in Sources */,
				19A944652C0EDF5100A658AD /* AppDelegate.swift in Sources */,
				19A9447D2C0EE05A00A658AD /* ShortViewController.swift in Sources */,
				19A9447B2C0EE04E00A658AD /* HotelsViewController.swift in Sources */,
				19A944672C0EDF5100A658AD /* SceneDelegate.swift in Sources */,
				19A944812C0EE07000A658AD /* ProfileViewController.swift in Sources */,
				19A9447F2C0EE06200A658AD /* FollowsViewController.swift in Sources */,
			);
			runOnlyForDeploymentPostprocessing = 0;
		};
/* End PBXSourcesBuildPhase section */

/* Begin PBXVariantGroup section */
		19A9446F2C0EDF5200A658AD /* LaunchScreen.storyboard */ = {
			isa = PBXVariantGroup;
			children = (
				19A944702C0EDF5200A658AD /* Base */,
			);
			name = LaunchScreen.storyboard;
			sourceTree = "<group>";
		};
/* End PBXVariantGroup section */

/* Begin XCBuildConfiguration section */
		19A944732C0EDF5200A658AD /* Debug */ = {
			isa = XCBuildConfiguration;
			buildSettings = {
				ALWAYS_SEARCH_USER_PATHS = NO;
				CLANG_ANALYZER_NONNULL = YES;
				CLANG_ANALYZER_NUMBER_OBJECT_CONVERSION = YES_AGGRESSIVE;
				CLANG_CXX_LANGUAGE_STANDARD = "gnu++20";
				CLANG_ENABLE_MODULES = YES;
				CLANG_ENABLE_OBJC_ARC = YES;
				CLANG_ENABLE_OBJC_WEAK = YES;
				CLANG_WARN_BLOCK_CAPTURE_AUTORELEASING = YES;
				CLANG_WARN_BOOL_CONVERSION = YES;
				CLANG_WARN_COMMA = YES;
				CLANG_WARN_CONSTANT_CONVERSION = YES;
				CLANG_WARN_DEPRECATED_OBJC_IMPLEMENTATIONS = YES;
				CLANG_WARN_DIRECT_OBJC_ISA_USAGE = YES_ERROR;
				CLANG_WARN_DOCUMENTATION_COMMENTS = YES;
				CLANG_WARN_EMPTY_BODY = YES;
				CLANG_WARN_ENUM_CONVERSION = YES;
				CLANG_WARN_INFINITE_RECURSION = YES;
				CLANG_WARN_INT_CONVERSION = YES;
				CLANG_WARN_NON_LITERAL_NULL_CONVERSION = YES;
				CLANG_WARN_OBJC_IMPLICIT_RETAIN_SELF = YES;
				CLANG_WARN_OBJC_LITERAL_CONVERSION = YES;
				CLANG_WARN_OBJC_ROOT_CLASS = YES_ERROR;
				CLANG_WARN_QUOTED_INCLUDE_IN_FRAMEWORK_HEADER = YES;
				CLANG_WARN_RANGE_LOOP_ANALYSIS = YES;
				CLANG_WARN_STRICT_PROTOTYPES = YES;
				CLANG_WARN_SUSPICIOUS_MOVE = YES;
				CLANG_WARN_UNGUARDED_AVAILABILITY = YES_AGGRESSIVE;
				CLANG_WARN_UNREACHABLE_CODE = YES;
				CLANG_WARN__DUPLICATE_METHOD_MATCH = YES;
				COPY_PHASE_STRIP = NO;
				DEBUG_INFORMATION_FORMAT = dwarf;
				ENABLE_STRICT_OBJC_MSGSEND = YES;
				ENABLE_TESTABILITY = YES;
				GCC_C_LANGUAGE_STANDARD = gnu11;
				GCC_DYNAMIC_NO_PIC = NO;
				GCC_NO_COMMON_BLOCKS = YES;
				GCC_OPTIMIZATION_LEVEL = 0;
				GCC_PREPROCESSOR_DEFINITIONS = (
					"DEBUG=1",
					"$(inherited)",
				);
				GCC_WARN_64_TO_32_BIT_CONVERSION = YES;
				GCC_WARN_ABOUT_RETURN_TYPE = YES_ERROR;
				GCC_WARN_UNDECLARED_SELECTOR = YES;
				GCC_WARN_UNINITIALIZED_AUTOS = YES_AGGRESSIVE;
				GCC_WARN_UNUSED_FUNCTION = YES;
				GCC_WARN_UNUSED_VARIABLE = YES;
				IPHONEOS_DEPLOYMENT_TARGET = 16.4;
				MTL_ENABLE_DEBUG_INFO = INCLUDE_SOURCE;
				MTL_FAST_MATH = YES;
				ONLY_ACTIVE_ARCH = YES;
				SDKROOT = iphoneos;
				SWIFT_ACTIVE_COMPILATION_CONDITIONS = DEBUG;
				SWIFT_OPTIMIZATION_LEVEL = "-Onone";
			};
			name = Debug;
		};
		19A944742C0EDF5200A658AD /* Release */ = {
			isa = XCBuildConfiguration;
			buildSettings = {
				ALWAYS_SEARCH_USER_PATHS = NO;
				CLANG_ANALYZER_NONNULL = YES;
				CLANG_ANALYZER_NUMBER_OBJECT_CONVERSION = YES_AGGRESSIVE;
				CLANG_CXX_LANGUAGE_STANDARD = "gnu++20";
				CLANG_ENABLE_MODULES = YES;
				CLANG_ENABLE_OBJC_ARC = YES;
				CLANG_ENABLE_OBJC_WEAK = YES;
				CLANG_WARN_BLOCK_CAPTURE_AUTORELEASING = YES;
				CLANG_WARN_BOOL_CONVERSION = YES;
				CLANG_WARN_COMMA = YES;
				CLANG_WARN_CONSTANT_CONVERSION = YES;
				CLANG_WARN_DEPRECATED_OBJC_IMPLEMENTATIONS = YES;
				CLANG_WARN_DIRECT_OBJC_ISA_USAGE = YES_ERROR;
				CLANG_WARN_DOCUMENTATION_COMMENTS = YES;
				CLANG_WARN_EMPTY_BODY = YES;
				CLANG_WARN_ENUM_CONVERSION = YES;
				CLANG_WARN_INFINITE_RECURSION = YES;
				CLANG_WARN_INT_CONVERSION = YES;
				CLANG_WARN_NON_LITERAL_NULL_CONVERSION = YES;
				CLANG_WARN_OBJC_IMPLICIT_RETAIN_SELF = YES;
				CLANG_WARN_OBJC_LITERAL_CONVERSION = YES;
				CLANG_WARN_OBJC_ROOT_CLASS = YES_ERROR;
				CLANG_WARN_QUOTED_INCLUDE_IN_FRAMEWORK_HEADER = YES;
				CLANG_WARN_RANGE_LOOP_ANALYSIS = YES;
				CLANG_WARN_STRICT_PROTOTYPES = YES;
				CLANG_WARN_SUSPICIOUS_MOVE = YES;
				CLANG_WARN_UNGUARDED_AVAILABILITY = YES_AGGRESSIVE;
				CLANG_WARN_UNREACHABLE_CODE = YES;
				CLANG_WARN__DUPLICATE_METHOD_MATCH = YES;
				COPY_PHASE_STRIP = NO;
				DEBUG_INFORMATION_FORMAT = "dwarf-with-dsym";
				ENABLE_NS_ASSERTIONS = NO;
				ENABLE_STRICT_OBJC_MSGSEND = YES;
				GCC_C_LANGUAGE_STANDARD = gnu11;
				GCC_NO_COMMON_BLOCKS = YES;
				GCC_WARN_64_TO_32_BIT_CONVERSION = YES;
				GCC_WARN_ABOUT_RETURN_TYPE = YES_ERROR;
				GCC_WARN_UNDECLARED_SELECTOR = YES;
				GCC_WARN_UNINITIALIZED_AUTOS = YES_AGGRESSIVE;
				GCC_WARN_UNUSED_FUNCTION = YES;
				GCC_WARN_UNUSED_VARIABLE = YES;
				IPHONEOS_DEPLOYMENT_TARGET = 16.4;
				MTL_ENABLE_DEBUG_INFO = NO;
				MTL_FAST_MATH = YES;
				SDKROOT = iphoneos;
				SWIFT_COMPILATION_MODE = wholemodule;
				SWIFT_OPTIMIZATION_LEVEL = "-O";
				VALIDATE_PRODUCT = YES;
			};
			name = Release;
		};
		19A944762C0EDF5200A658AD /* Debug */ = {
			isa = XCBuildConfiguration;
			buildSettings = {
				ASSETCATALOG_COMPILER_APPICON_NAME = AppIcon;
				ASSETCATALOG_COMPILER_GLOBAL_ACCENT_COLOR_NAME = AccentColor;
				CODE_SIGN_STYLE = Automatic;
				CURRENT_PROJECT_VERSION = 1;
				GENERATE_INFOPLIST_FILE = YES;
				INFOPLIST_FILE = SearchTickets/Info.plist;
				INFOPLIST_KEY_UIApplicationSupportsIndirectInputEvents = YES;
				INFOPLIST_KEY_UILaunchStoryboardName = LaunchScreen;
				INFOPLIST_KEY_UISupportedInterfaceOrientations_iPad = "UIInterfaceOrientationPortrait UIInterfaceOrientationPortraitUpsideDown UIInterfaceOrientationLandscapeLeft UIInterfaceOrientationLandscapeRight";
				INFOPLIST_KEY_UISupportedInterfaceOrientations_iPhone = "UIInterfaceOrientationPortrait UIInterfaceOrientationLandscapeLeft UIInterfaceOrientationLandscapeRight";
				LD_RUNPATH_SEARCH_PATHS = (
					"$(inherited)",
					"@executable_path/Frameworks",
				);
				MARKETING_VERSION = 1.0;
				PRODUCT_BUNDLE_IDENTIFIER = com.salimzhan.SearchTickets;
				PRODUCT_NAME = "$(TARGET_NAME)";
				SWIFT_EMIT_LOC_STRINGS = YES;
				SWIFT_VERSION = 5.0;
				TARGETED_DEVICE_FAMILY = "1,2";
			};
			name = Debug;
		};
		19A944772C0EDF5200A658AD /* Release */ = {
			isa = XCBuildConfiguration;
			buildSettings = {
				ASSETCATALOG_COMPILER_APPICON_NAME = AppIcon;
				ASSETCATALOG_COMPILER_GLOBAL_ACCENT_COLOR_NAME = AccentColor;
				CODE_SIGN_STYLE = Automatic;
				CURRENT_PROJECT_VERSION = 1;
				GENERATE_INFOPLIST_FILE = YES;
				INFOPLIST_FILE = SearchTickets/Info.plist;
				INFOPLIST_KEY_UIApplicationSupportsIndirectInputEvents = YES;
				INFOPLIST_KEY_UILaunchStoryboardName = LaunchScreen;
				INFOPLIST_KEY_UISupportedInterfaceOrientations_iPad = "UIInterfaceOrientationPortrait UIInterfaceOrientationPortraitUpsideDown UIInterfaceOrientationLandscapeLeft UIInterfaceOrientationLandscapeRight";
				INFOPLIST_KEY_UISupportedInterfaceOrientations_iPhone = "UIInterfaceOrientationPortrait UIInterfaceOrientationLandscapeLeft UIInterfaceOrientationLandscapeRight";
				LD_RUNPATH_SEARCH_PATHS = (
					"$(inherited)",
					"@executable_path/Frameworks",
				);
				MARKETING_VERSION = 1.0;
				PRODUCT_BUNDLE_IDENTIFIER = com.salimzhan.SearchTickets;
				PRODUCT_NAME = "$(TARGET_NAME)";
				SWIFT_EMIT_LOC_STRINGS = YES;
				SWIFT_VERSION = 5.0;
				TARGETED_DEVICE_FAMILY = "1,2";
			};
			name = Release;
		};
/* End XCBuildConfiguration section */

/* Begin XCConfigurationList section */
		19A9445C2C0EDF5000A658AD /* Build configuration list for PBXProject "SearchTickets" */ = {
			isa = XCConfigurationList;
			buildConfigurations = (
				19A944732C0EDF5200A658AD /* Debug */,
				19A944742C0EDF5200A658AD /* Release */,
			);
			defaultConfigurationIsVisible = 0;
			defaultConfigurationName = Release;
		};
		19A944752C0EDF5200A658AD /* Build configuration list for PBXNativeTarget "SearchTickets" */ = {
			isa = XCConfigurationList;
			buildConfigurations = (
				19A944762C0EDF5200A658AD /* Debug */,
				19A944772C0EDF5200A658AD /* Release */,
			);
			defaultConfigurationIsVisible = 0;
			defaultConfigurationName = Release;
		};
/* End XCConfigurationList section */
	};
	rootObject = 19A944592C0EDF5000A658AD /* Project object */;
}
